
Microsoft Visual Studio Solution File, Format Version 12.00
# Visual Studio Version 17
VisualStudioVersion = 17.4.33110.190
MinimumVisualStudioVersion = 10.0.40219.1
Project("{FAE04EC0-301F-11D3-BF4B-00C04F79EFBC}") = "Exceptions", "Exceptions\Exceptions.csproj", "{342416F2-20FB-4E4D-B4EC-842BFA065B95}"
EndProject
Project("{FAE04EC0-301F-11D3-BF4B-00C04F79EFBC}") = "Domain", "Domain\Domain.csproj", "{96296F87-7D7C-4F94-8B0E-564F947E4A22}"
EndProject
Project("{FAE04EC0-301F-11D3-BF4B-00C04F79EFBC}") = "Service", "Service\Service.csproj", "{98113B30-2FF9-42C2-8598-D401B2F01B52}"
EndProject
Global
	GlobalSection(SolutionConfigurationPlatforms) = preSolution
		Debug|Any CPU = Debug|Any CPU
		Release|Any CPU = Release|Any CPU
	EndGlobalSection
	GlobalSection(ProjectConfigurationPlatforms) = postSolution
		{342416F2-20FB-4E4D-B4EC-842BFA065B95}.Debug|Any CPU.ActiveCfg = Debug|Any CPU
		{342416F2-20FB-4E4D-B4EC-842BFA065B95}.Debug|Any CPU.Build.0 = Debug|Any CPU
		{342416F2-20FB-4E4D-B4EC-842BFA065B95}.Release|Any CPU.ActiveCfg = Release|Any CPU
		{342416F2-20FB-4E4D-B4EC-842BFA065B95}.Release|Any CPU.Build.0 = Release|Any CPU
		{96296F87-7D7C-4F94-8B0E-564F947E4A22}.Debug|Any CPU.ActiveCfg = Debug|Any CPU
		{96296F87-7D7C-4F94-8B0E-564F947E4A22}.Debug|Any CPU.Build.0 = Debug|Any CPU
		{96296F87-7D7C-4F94-8B0E-564F947E4A22}.Release|Any CPU.ActiveCfg = Release|Any CPU
		{96296F87-7D7C-4F94-8B0E-564F947E4A22}.Release|Any CPU.Build.0 = Release|Any CPU
		{98113B30-2FF9-42C2-8598-D401B2F01B52}.Debug|Any CPU.ActiveCfg = Debug|Any CPU
		{98113B30-2FF9-42C2-8598-D401B2F01B52}.Debug|Any CPU.Build.0 = Debug|Any CPU
		{98113B30-2FF9-42C2-8598-D401B2F01B52}.Release|Any CPU.ActiveCfg = Release|Any CPU
		{98113B30-2FF9-42C2-8598-D401B2F01B52}.Release|Any CPU.Build.0 = Release|Any CPU
	EndGlobalSection
	GlobalSection(SolutionProperties) = preSolution
		HideSolutionNode = FALSE
	EndGlobalSection
	GlobalSection(ExtensibilityGlobals) = postSolution
		SolutionGuid = {133AB1EE-222D-4E97-9490-420C22240A67}
	EndGlobalSection
EndGlobal
